
Microsoft Visual Studio Solution File, Format Version 12.00
# Visual Studio Version 16
VisualStudioVersion = 16.0.34601.136
MinimumVisualStudioVersion = 10.0.40219.1
Project("{FAE04EC0-301F-11D3-BF4B-00C04F79EFBC}") = "StringAssignment", "StringAssignment.csproj", "{43CD7E36-1A2D-4701-8708-462D9C8DE16D}"
EndProject
Global
	GlobalSection(SolutionConfigurationPlatforms) = preSolution
		Debug|Any CPU = Debug|Any CPU
		Release|Any CPU = Release|Any CPU
	EndGlobalSection
	GlobalSection(ProjectConfigurationPlatforms) = postSolution
		{43CD7E36-1A2D-4701-8708-462D9C8DE16D}.Debug|Any CPU.ActiveCfg = Debug|Any CPU
		{43CD7E36-1A2D-4701-8708-462D9C8DE16D}.Debug|Any CPU.Build.0 = Debug|Any CPU
		{43CD7E36-1A2D-4701-8708-462D9C8DE16D}.Release|Any CPU.ActiveCfg = Release|Any CPU
		{43CD7E36-1A2D-4701-8708-462D9C8DE16D}.Release|Any CPU.Build.0 = Release|Any CPU
	EndGlobalSection
	GlobalSection(SolutionProperties) = preSolution
		HideSolutionNode = FALSE
	EndGlobalSection
	GlobalSection(ExtensibilityGlobals) = postSolution
		SolutionGuid = {F155B81D-ED7E-413A-A2FF-4A222A9B1BEF}
	EndGlobalSection
EndGlobal
