
Microsoft Visual Studio Solution File, Format Version 12.00
# Visual Studio Version 16
VisualStudioVersion = 16.0.34601.136
MinimumVisualStudioVersion = 10.0.40219.1
Project("{FAE04EC0-301F-11D3-BF4B-00C04F79EFBC}") = "MethodAssignment", "MethodAssignment.csproj", "{89A1422F-6A37-4C9E-BF4B-9B81BB793D54}"
EndProject
Global
	GlobalSection(SolutionConfigurationPlatforms) = preSolution
		Debug|Any CPU = Debug|Any CPU
		Release|Any CPU = Release|Any CPU
	EndGlobalSection
	GlobalSection(ProjectConfigurationPlatforms) = postSolution
		{89A1422F-6A37-4C9E-BF4B-9B81BB793D54}.Debug|Any CPU.ActiveCfg = Debug|Any CPU
		{89A1422F-6A37-4C9E-BF4B-9B81BB793D54}.Debug|Any CPU.Build.0 = Debug|Any CPU
		{89A1422F-6A37-4C9E-BF4B-9B81BB793D54}.Release|Any CPU.ActiveCfg = Release|Any CPU
		{89A1422F-6A37-4C9E-BF4B-9B81BB793D54}.Release|Any CPU.Build.0 = Release|Any CPU
	EndGlobalSection
	GlobalSection(SolutionProperties) = preSolution
		HideSolutionNode = FALSE
	EndGlobalSection
	GlobalSection(ExtensibilityGlobals) = postSolution
		SolutionGuid = {1A9D6D4C-7844-4708-A088-7FAE464F483F}
	EndGlobalSection
EndGlobal
